
Microsoft Visual Studio Solution File, Format Version 12.00
# Visual Studio Version 17
VisualStudioVersion = 17.4.33403.182
MinimumVisualStudioVersion = 10.0.40219.1
Project("{FAE04EC0-301F-11D3-BF4B-00C04F79EFBC}") = "AndenASPcoreApp", "AndenASPcoreApp\AndenASPcoreApp.csproj", "{49FAF1F9-DCE6-48C7-9794-3B169C7EED70}"
EndProject
Global
	GlobalSection(SolutionConfigurationPlatforms) = preSolution
		Debug|Any CPU = Debug|Any CPU
		Release|Any CPU = Release|Any CPU
	EndGlobalSection
	GlobalSection(ProjectConfigurationPlatforms) = postSolution
		{49FAF1F9-DCE6-48C7-9794-3B169C7EED70}.Debug|Any CPU.ActiveCfg = Debug|Any CPU
		{49FAF1F9-DCE6-48C7-9794-3B169C7EED70}.Debug|Any CPU.Build.0 = Debug|Any CPU
		{49FAF1F9-DCE6-48C7-9794-3B169C7EED70}.Release|Any CPU.ActiveCfg = Release|Any CPU
		{49FAF1F9-DCE6-48C7-9794-3B169C7EED70}.Release|Any CPU.Build.0 = Release|Any CPU
	EndGlobalSection
	GlobalSection(SolutionProperties) = preSolution
		HideSolutionNode = FALSE
	EndGlobalSection
	GlobalSection(ExtensibilityGlobals) = postSolution
		SolutionGuid = {2C61B210-C817-4AC2-842A-02EA349E4538}
	EndGlobalSection
EndGlobal
